
Microsoft Visual Studio Solution File, Format Version 12.00
# Visual Studio 15
VisualStudioVersion = 15.0.27703.2000
MinimumVisualStudioVersion = 10.0.40219.1
Project("{FAE04EC0-301F-11D3-BF4B-00C04F79EFBC}") = "DSG.TDD.StarterProject.Api", "DSG.TDD.StarterProject.Api\DSG.TDD.StarterProject.Api.csproj", "{9F9E2704-ABB7-4A78-8E38-2D71F0A7F67E}"
EndProject
Project("{FAE04EC0-301F-11D3-BF4B-00C04F79EFBC}") = "DSG.TDD.StarterProject.Managers", "DSG.TDD.StarterProject.Managers\DSG.TDD.StarterProject.Managers.csproj", "{D4B10866-ACEA-4D86-B382-B968D73EA4F3}"
EndProject
Project("{2150E333-8FDC-42A3-9474-1A3956D46DE8}") = "Source", "Source", "{C1C45E0A-8BC5-41A5-AD13-722FF3A741FE}"
EndProject
Project("{2150E333-8FDC-42A3-9474-1A3956D46DE8}") = "Tests", "Tests", "{3D089005-87A4-4AE9-A6C9-29D3DB6CC805}"
EndProject
Project("{FAE04EC0-301F-11D3-BF4B-00C04F79EFBC}") = "DSG.TDD.StarterProject.UnitTests", "DSG.TDD.StarterProject.UnitTests\DSG.TDD.StarterProject.UnitTests.csproj", "{C5B2225C-EA32-4D6C-AD96-FB7E445918E9}"
EndProject
Global
	GlobalSection(SolutionConfigurationPlatforms) = preSolution
		Debug|Any CPU = Debug|Any CPU
		Release|Any CPU = Release|Any CPU
	EndGlobalSection
	GlobalSection(ProjectConfigurationPlatforms) = postSolution
		{9F9E2704-ABB7-4A78-8E38-2D71F0A7F67E}.Debug|Any CPU.ActiveCfg = Debug|Any CPU
		{9F9E2704-ABB7-4A78-8E38-2D71F0A7F67E}.Debug|Any CPU.Build.0 = Debug|Any CPU
		{9F9E2704-ABB7-4A78-8E38-2D71F0A7F67E}.Release|Any CPU.ActiveCfg = Release|Any CPU
		{9F9E2704-ABB7-4A78-8E38-2D71F0A7F67E}.Release|Any CPU.Build.0 = Release|Any CPU
		{D4B10866-ACEA-4D86-B382-B968D73EA4F3}.Debug|Any CPU.ActiveCfg = Debug|Any CPU
		{D4B10866-ACEA-4D86-B382-B968D73EA4F3}.Debug|Any CPU.Build.0 = Debug|Any CPU
		{D4B10866-ACEA-4D86-B382-B968D73EA4F3}.Release|Any CPU.ActiveCfg = Release|Any CPU
		{D4B10866-ACEA-4D86-B382-B968D73EA4F3}.Release|Any CPU.Build.0 = Release|Any CPU
		{C5B2225C-EA32-4D6C-AD96-FB7E445918E9}.Debug|Any CPU.ActiveCfg = Debug|Any CPU
		{C5B2225C-EA32-4D6C-AD96-FB7E445918E9}.Debug|Any CPU.Build.0 = Debug|Any CPU
		{C5B2225C-EA32-4D6C-AD96-FB7E445918E9}.Release|Any CPU.ActiveCfg = Release|Any CPU
		{C5B2225C-EA32-4D6C-AD96-FB7E445918E9}.Release|Any CPU.Build.0 = Release|Any CPU
	EndGlobalSection
	GlobalSection(SolutionProperties) = preSolution
		HideSolutionNode = FALSE
	EndGlobalSection
	GlobalSection(NestedProjects) = preSolution
		{9F9E2704-ABB7-4A78-8E38-2D71F0A7F67E} = {C1C45E0A-8BC5-41A5-AD13-722FF3A741FE}
		{D4B10866-ACEA-4D86-B382-B968D73EA4F3} = {C1C45E0A-8BC5-41A5-AD13-722FF3A741FE}
		{C5B2225C-EA32-4D6C-AD96-FB7E445918E9} = {3D089005-87A4-4AE9-A6C9-29D3DB6CC805}
	EndGlobalSection
	GlobalSection(ExtensibilityGlobals) = postSolution
		SolutionGuid = {7340BC08-A1B7-409D-9B06-B5FC6D36880E}
	EndGlobalSection
EndGlobal
