
Microsoft Visual Studio Solution File, Format Version 12.00
# Visual Studio 15
VisualStudioVersion = 15.0.27703.2026
MinimumVisualStudioVersion = 10.0.40219.1
Project("{9A19103F-16F7-4668-BE54-9A1E7A4F7556}") = "DSG.Sample.NetCore.Wrapper", "DSG.Sample.NetCore.Wrapper\DSG.Sample.NetCore.Wrapper.csproj", "{8ED7DC9E-39ED-4BAF-84F1-8BCE500A0CF0}"
EndProject
Project("{FAE04EC0-301F-11D3-BF4B-00C04F79EFBC}") = "DSG.Sample.NetFourSix.Api", "DSG.Sample.NetFourSix.Api\DSG.Sample.NetFourSix.Api.csproj", "{57A35E31-4038-4C08-B8D5-6DE084447C4F}"
EndProject
Project("{FAE04EC0-301F-11D3-BF4B-00C04F79EFBC}") = "DSG.Sample.NetCore.BaseApi.Middleware", "DSG.Sample.NetCore.BaseApi.Middleware\DSG.Sample.NetCore.BaseApi.Middleware.csproj", "{0993ED5D-F0AC-4B2A-9ECF-7F5373106BC5}"
EndProject
Global
	GlobalSection(SolutionConfigurationPlatforms) = preSolution
		Debug|Any CPU = Debug|Any CPU
		Release|Any CPU = Release|Any CPU
	EndGlobalSection
	GlobalSection(ProjectConfigurationPlatforms) = postSolution
		{8ED7DC9E-39ED-4BAF-84F1-8BCE500A0CF0}.Debug|Any CPU.ActiveCfg = Debug|Any CPU
		{8ED7DC9E-39ED-4BAF-84F1-8BCE500A0CF0}.Debug|Any CPU.Build.0 = Debug|Any CPU
		{8ED7DC9E-39ED-4BAF-84F1-8BCE500A0CF0}.Release|Any CPU.ActiveCfg = Release|Any CPU
		{8ED7DC9E-39ED-4BAF-84F1-8BCE500A0CF0}.Release|Any CPU.Build.0 = Release|Any CPU
		{57A35E31-4038-4C08-B8D5-6DE084447C4F}.Debug|Any CPU.ActiveCfg = Debug|Any CPU
		{57A35E31-4038-4C08-B8D5-6DE084447C4F}.Debug|Any CPU.Build.0 = Debug|Any CPU
		{57A35E31-4038-4C08-B8D5-6DE084447C4F}.Release|Any CPU.ActiveCfg = Release|Any CPU
		{57A35E31-4038-4C08-B8D5-6DE084447C4F}.Release|Any CPU.Build.0 = Release|Any CPU
		{0993ED5D-F0AC-4B2A-9ECF-7F5373106BC5}.Debug|Any CPU.ActiveCfg = Debug|Any CPU
		{0993ED5D-F0AC-4B2A-9ECF-7F5373106BC5}.Debug|Any CPU.Build.0 = Debug|Any CPU
		{0993ED5D-F0AC-4B2A-9ECF-7F5373106BC5}.Release|Any CPU.ActiveCfg = Release|Any CPU
		{0993ED5D-F0AC-4B2A-9ECF-7F5373106BC5}.Release|Any CPU.Build.0 = Release|Any CPU
	EndGlobalSection
	GlobalSection(SolutionProperties) = preSolution
		HideSolutionNode = FALSE
	EndGlobalSection
	GlobalSection(ExtensibilityGlobals) = postSolution
		SolutionGuid = {C0F64D53-C23E-4857-8F52-DDCE848E505A}
	EndGlobalSection
EndGlobal
