
Microsoft Visual Studio Solution File, Format Version 12.00
# Visual Studio 15
VisualStudioVersion = 15.0.27703.1
MinimumVisualStudioVersion = 10.0.40219.1
Project("{FAE04EC0-301F-11D3-BF4B-00C04F79EFBC}") = "DSG.NateApi.Demo.BLL", "DSG.NateApi.Demo.BLL\DSG.NateApi.Demo.BLL.csproj", "{02CBC098-9E88-4162-B258-C1B56F5CF6DE}"
EndProject
Project("{FAE04EC0-301F-11D3-BF4B-00C04F79EFBC}") = "DSG.NateApi.Demo.DAL", "DSG.NateApi.Demo.DAL\DSG.NateApi.Demo.DAL.csproj", "{57430D3E-6103-450D-9905-0F87129824AC}"
EndProject
Project("{FAE04EC0-301F-11D3-BF4B-00C04F79EFBC}") = "DSG.NateApi.Demo.Tests", "DSG.NateApi.Demo.Tests\DSG.NateApi.Demo.Tests.csproj", "{8A56F022-D32D-490D-964C-2DD8AE0C152B}"
EndProject
Project("{2150E333-8FDC-42A3-9474-1A3956D46DE8}") = "Solution Items", "Solution Items", "{26C03E8D-A247-4EA6-B51C-0699AD83FFD4}"
	ProjectSection(SolutionItems) = preProject
		README.md = README.md
	EndProjectSection
EndProject
Project("{FAE04EC0-301F-11D3-BF4B-00C04F79EFBC}") = "DSG.NateApi.Consumer", "DSG.NateApi.Consumer\DSG.NateApi.Consumer.csproj", "{85F16B1B-C13A-417A-A10D-382B4F97FAE6}"
EndProject
Project("{2150E333-8FDC-42A3-9474-1A3956D46DE8}") = "SampleConsumer", "SampleConsumer", "{4A223F81-496B-443B-BCBC-1F04FD0A4E28}"
EndProject
Project("{2150E333-8FDC-42A3-9474-1A3956D46DE8}") = "CoreAPI", "CoreAPI", "{6F118768-65D3-423C-939A-3BE500E34668}"
EndProject
Project("{FAE04EC0-301F-11D3-BF4B-00C04F79EFBC}") = "DSG.NateApi.Consumer.BLL", "DSG.NateApi.Consumer.BLL\DSG.NateApi.Consumer.BLL.csproj", "{9595BB8D-5E44-4A6E-AD2D-2589A65895C4}"
EndProject
Project("{FAE04EC0-301F-11D3-BF4B-00C04F79EFBC}") = "DSG.NateApi.Consumer.DAL", "DSG.NateApi.Consumer.DAL\DSG.NateApi.Consumer.DAL.csproj", "{34CD2A95-B97A-4CC0-A31B-091BCEE5C88A}"
EndProject
Global
	GlobalSection(SolutionConfigurationPlatforms) = preSolution
		Debug|Any CPU = Debug|Any CPU
		Release|Any CPU = Release|Any CPU
	EndGlobalSection
	GlobalSection(ProjectConfigurationPlatforms) = postSolution
		{02CBC098-9E88-4162-B258-C1B56F5CF6DE}.Debug|Any CPU.ActiveCfg = Debug|Any CPU
		{02CBC098-9E88-4162-B258-C1B56F5CF6DE}.Debug|Any CPU.Build.0 = Debug|Any CPU
		{02CBC098-9E88-4162-B258-C1B56F5CF6DE}.Release|Any CPU.ActiveCfg = Release|Any CPU
		{02CBC098-9E88-4162-B258-C1B56F5CF6DE}.Release|Any CPU.Build.0 = Release|Any CPU
		{57430D3E-6103-450D-9905-0F87129824AC}.Debug|Any CPU.ActiveCfg = Debug|Any CPU
		{57430D3E-6103-450D-9905-0F87129824AC}.Debug|Any CPU.Build.0 = Debug|Any CPU
		{57430D3E-6103-450D-9905-0F87129824AC}.Release|Any CPU.ActiveCfg = Release|Any CPU
		{57430D3E-6103-450D-9905-0F87129824AC}.Release|Any CPU.Build.0 = Release|Any CPU
		{8A56F022-D32D-490D-964C-2DD8AE0C152B}.Debug|Any CPU.ActiveCfg = Debug|Any CPU
		{8A56F022-D32D-490D-964C-2DD8AE0C152B}.Debug|Any CPU.Build.0 = Debug|Any CPU
		{8A56F022-D32D-490D-964C-2DD8AE0C152B}.Release|Any CPU.ActiveCfg = Release|Any CPU
		{8A56F022-D32D-490D-964C-2DD8AE0C152B}.Release|Any CPU.Build.0 = Release|Any CPU
		{85F16B1B-C13A-417A-A10D-382B4F97FAE6}.Debug|Any CPU.ActiveCfg = Debug|Any CPU
		{85F16B1B-C13A-417A-A10D-382B4F97FAE6}.Debug|Any CPU.Build.0 = Debug|Any CPU
		{85F16B1B-C13A-417A-A10D-382B4F97FAE6}.Release|Any CPU.ActiveCfg = Release|Any CPU
		{85F16B1B-C13A-417A-A10D-382B4F97FAE6}.Release|Any CPU.Build.0 = Release|Any CPU
		{9595BB8D-5E44-4A6E-AD2D-2589A65895C4}.Debug|Any CPU.ActiveCfg = Debug|Any CPU
		{9595BB8D-5E44-4A6E-AD2D-2589A65895C4}.Debug|Any CPU.Build.0 = Debug|Any CPU
		{9595BB8D-5E44-4A6E-AD2D-2589A65895C4}.Release|Any CPU.ActiveCfg = Release|Any CPU
		{9595BB8D-5E44-4A6E-AD2D-2589A65895C4}.Release|Any CPU.Build.0 = Release|Any CPU
		{34CD2A95-B97A-4CC0-A31B-091BCEE5C88A}.Debug|Any CPU.ActiveCfg = Debug|Any CPU
		{34CD2A95-B97A-4CC0-A31B-091BCEE5C88A}.Debug|Any CPU.Build.0 = Debug|Any CPU
		{34CD2A95-B97A-4CC0-A31B-091BCEE5C88A}.Release|Any CPU.ActiveCfg = Release|Any CPU
		{34CD2A95-B97A-4CC0-A31B-091BCEE5C88A}.Release|Any CPU.Build.0 = Release|Any CPU
	EndGlobalSection
	GlobalSection(SolutionProperties) = preSolution
		HideSolutionNode = FALSE
	EndGlobalSection
	GlobalSection(NestedProjects) = preSolution
		{02CBC098-9E88-4162-B258-C1B56F5CF6DE} = {6F118768-65D3-423C-939A-3BE500E34668}
		{57430D3E-6103-450D-9905-0F87129824AC} = {6F118768-65D3-423C-939A-3BE500E34668}
		{8A56F022-D32D-490D-964C-2DD8AE0C152B} = {6F118768-65D3-423C-939A-3BE500E34668}
		{85F16B1B-C13A-417A-A10D-382B4F97FAE6} = {4A223F81-496B-443B-BCBC-1F04FD0A4E28}
		{9595BB8D-5E44-4A6E-AD2D-2589A65895C4} = {4A223F81-496B-443B-BCBC-1F04FD0A4E28}
		{34CD2A95-B97A-4CC0-A31B-091BCEE5C88A} = {4A223F81-496B-443B-BCBC-1F04FD0A4E28}
	EndGlobalSection
	GlobalSection(ExtensibilityGlobals) = postSolution
		SolutionGuid = {E0799C1C-88D0-4C03-80AD-B774E244B8DD}
	EndGlobalSection
EndGlobal
