
Microsoft Visual Studio Solution File, Format Version 12.00
# Visual Studio 15
VisualStudioVersion = 15.0.27703.2000
MinimumVisualStudioVersion = 10.0.40219.1
Project("{9A19103F-16F7-4668-BE54-9A1E7A4F7556}") = "DSG.SpecFlow.Demo.Api", "DSG.SpecFlow.Demo.Api\DSG.SpecFlow.Demo.Api.csproj", "{B67A117B-3B7E-4A70-908A-85DDF489AEBB}"
EndProject
Project("{FAE04EC0-301F-11D3-BF4B-00C04F79EFBC}") = "DSG.SpecFlow.Demo.Specification", "DSG.SpecFlow.Demo.Specification\DSG.SpecFlow.Demo.Specification.csproj", "{D9FC4067-2D5D-4BA7-A32B-B5DBBF7A9F41}"
EndProject
Project("{2150E333-8FDC-42A3-9474-1A3956D46DE8}") = "Solution Items", "Solution Items", "{D70E7687-E3BC-4299-93A7-8213E262C275}"
	ProjectSection(SolutionItems) = preProject
		README.md = README.md
	EndProjectSection
EndProject
Global
	GlobalSection(SolutionConfigurationPlatforms) = preSolution
		Debug|Any CPU = Debug|Any CPU
		Release|Any CPU = Release|Any CPU
	EndGlobalSection
	GlobalSection(ProjectConfigurationPlatforms) = postSolution
		{B67A117B-3B7E-4A70-908A-85DDF489AEBB}.Debug|Any CPU.ActiveCfg = Debug|Any CPU
		{B67A117B-3B7E-4A70-908A-85DDF489AEBB}.Debug|Any CPU.Build.0 = Debug|Any CPU
		{B67A117B-3B7E-4A70-908A-85DDF489AEBB}.Release|Any CPU.ActiveCfg = Release|Any CPU
		{B67A117B-3B7E-4A70-908A-85DDF489AEBB}.Release|Any CPU.Build.0 = Release|Any CPU
		{D9FC4067-2D5D-4BA7-A32B-B5DBBF7A9F41}.Debug|Any CPU.ActiveCfg = Debug|Any CPU
		{D9FC4067-2D5D-4BA7-A32B-B5DBBF7A9F41}.Debug|Any CPU.Build.0 = Debug|Any CPU
		{D9FC4067-2D5D-4BA7-A32B-B5DBBF7A9F41}.Release|Any CPU.ActiveCfg = Release|Any CPU
		{D9FC4067-2D5D-4BA7-A32B-B5DBBF7A9F41}.Release|Any CPU.Build.0 = Release|Any CPU
	EndGlobalSection
	GlobalSection(SolutionProperties) = preSolution
		HideSolutionNode = FALSE
	EndGlobalSection
	GlobalSection(ExtensibilityGlobals) = postSolution
		SolutionGuid = {605C8E60-5886-4528-A7DC-6A435D4E2156}
	EndGlobalSection
EndGlobal
