
Microsoft Visual Studio Solution File, Format Version 12.00
# Visual Studio 15
VisualStudioVersion = 15.0.27703.1
MinimumVisualStudioVersion = 10.0.40219.1
Project("{FAE04EC0-301F-11D3-BF4B-00C04F79EFBC}") = "DSG.UnityDI.Demo.Api", "DSG.UnityDI.Demo\DSG.UnityDI.Demo.Api.csproj", "{A3D79BC9-61A5-47B8-9305-8B9A50B8DBB9}"
EndProject
Project("{FAE04EC0-301F-11D3-BF4B-00C04F79EFBC}") = "DSG.UnityDI.Common", "DSG.UnityDI.Common\DSG.UnityDI.Common.csproj", "{B5220A8B-9570-405A-B9AA-D9DD36408BD0}"
EndProject
Project("{FAE04EC0-301F-11D3-BF4B-00C04F79EFBC}") = "DSG.UnityDI.Managers", "DSG.UnityDI.Managers\DSG.UnityDI.Managers.csproj", "{F14FED15-8002-4631-882D-8136FC1C71FD}"
EndProject
Project("{FAE04EC0-301F-11D3-BF4B-00C04F79EFBC}") = "DSG.UnityDI.Repositories", "DSG.UnityDI.Repositories\DSG.UnityDI.Repositories.csproj", "{0090C5D0-0E35-44B5-B14E-174464A0D614}"
EndProject
Global
	GlobalSection(SolutionConfigurationPlatforms) = preSolution
		Debug|Any CPU = Debug|Any CPU
		Release|Any CPU = Release|Any CPU
	EndGlobalSection
	GlobalSection(ProjectConfigurationPlatforms) = postSolution
		{A3D79BC9-61A5-47B8-9305-8B9A50B8DBB9}.Debug|Any CPU.ActiveCfg = Debug|Any CPU
		{A3D79BC9-61A5-47B8-9305-8B9A50B8DBB9}.Debug|Any CPU.Build.0 = Debug|Any CPU
		{A3D79BC9-61A5-47B8-9305-8B9A50B8DBB9}.Release|Any CPU.ActiveCfg = Release|Any CPU
		{A3D79BC9-61A5-47B8-9305-8B9A50B8DBB9}.Release|Any CPU.Build.0 = Release|Any CPU
		{B5220A8B-9570-405A-B9AA-D9DD36408BD0}.Debug|Any CPU.ActiveCfg = Debug|Any CPU
		{B5220A8B-9570-405A-B9AA-D9DD36408BD0}.Debug|Any CPU.Build.0 = Debug|Any CPU
		{B5220A8B-9570-405A-B9AA-D9DD36408BD0}.Release|Any CPU.ActiveCfg = Release|Any CPU
		{B5220A8B-9570-405A-B9AA-D9DD36408BD0}.Release|Any CPU.Build.0 = Release|Any CPU
		{F14FED15-8002-4631-882D-8136FC1C71FD}.Debug|Any CPU.ActiveCfg = Debug|Any CPU
		{F14FED15-8002-4631-882D-8136FC1C71FD}.Debug|Any CPU.Build.0 = Debug|Any CPU
		{F14FED15-8002-4631-882D-8136FC1C71FD}.Release|Any CPU.ActiveCfg = Release|Any CPU
		{F14FED15-8002-4631-882D-8136FC1C71FD}.Release|Any CPU.Build.0 = Release|Any CPU
		{0090C5D0-0E35-44B5-B14E-174464A0D614}.Debug|Any CPU.ActiveCfg = Debug|Any CPU
		{0090C5D0-0E35-44B5-B14E-174464A0D614}.Debug|Any CPU.Build.0 = Debug|Any CPU
		{0090C5D0-0E35-44B5-B14E-174464A0D614}.Release|Any CPU.ActiveCfg = Release|Any CPU
		{0090C5D0-0E35-44B5-B14E-174464A0D614}.Release|Any CPU.Build.0 = Release|Any CPU
	EndGlobalSection
	GlobalSection(SolutionProperties) = preSolution
		HideSolutionNode = FALSE
	EndGlobalSection
	GlobalSection(ExtensibilityGlobals) = postSolution
		SolutionGuid = {3C687ACA-2227-4BA2-92AB-F93486CA7E6C}
	EndGlobalSection
EndGlobal
