
Microsoft Visual Studio Solution File, Format Version 12.00
# Visual Studio 15
VisualStudioVersion = 15.0.27703.2000
MinimumVisualStudioVersion = 10.0.40219.1
Project("{FAE04EC0-301F-11D3-BF4B-00C04F79EFBC}") = "DSG.SpecFlow.Selenium.Demo.UI", "DSG.SpecFlow.Selenium.Demo.UI\DSG.SpecFlow.Selenium.Demo.UI.csproj", "{287D5DBE-3CA9-4011-B22B-1A01094D5A8C}"
EndProject
Project("{FAE04EC0-301F-11D3-BF4B-00C04F79EFBC}") = "DSG.SpecFlow.Selenium.Demo.Tests", "DSG.SpecFlow.Selenium.Demo.Tests\DSG.SpecFlow.Selenium.Demo.Tests.csproj", "{B236061B-CFCC-46EC-B815-840C0091C65B}"
EndProject
Project("{2150E333-8FDC-42A3-9474-1A3956D46DE8}") = "Source", "Source", "{73F57F7C-CBBF-4F79-B7DC-7322D061422B}"
EndProject
Project("{2150E333-8FDC-42A3-9474-1A3956D46DE8}") = "Tests", "Tests", "{B50130FC-E3DC-40A5-A05F-C5EF5E4C0A97}"
EndProject
Global
	GlobalSection(SolutionConfigurationPlatforms) = preSolution
		Debug|Any CPU = Debug|Any CPU
		Release|Any CPU = Release|Any CPU
	EndGlobalSection
	GlobalSection(ProjectConfigurationPlatforms) = postSolution
		{287D5DBE-3CA9-4011-B22B-1A01094D5A8C}.Debug|Any CPU.ActiveCfg = Debug|Any CPU
		{287D5DBE-3CA9-4011-B22B-1A01094D5A8C}.Debug|Any CPU.Build.0 = Debug|Any CPU
		{287D5DBE-3CA9-4011-B22B-1A01094D5A8C}.Release|Any CPU.ActiveCfg = Release|Any CPU
		{287D5DBE-3CA9-4011-B22B-1A01094D5A8C}.Release|Any CPU.Build.0 = Release|Any CPU
		{B236061B-CFCC-46EC-B815-840C0091C65B}.Debug|Any CPU.ActiveCfg = Debug|Any CPU
		{B236061B-CFCC-46EC-B815-840C0091C65B}.Debug|Any CPU.Build.0 = Debug|Any CPU
		{B236061B-CFCC-46EC-B815-840C0091C65B}.Release|Any CPU.ActiveCfg = Release|Any CPU
		{B236061B-CFCC-46EC-B815-840C0091C65B}.Release|Any CPU.Build.0 = Release|Any CPU
	EndGlobalSection
	GlobalSection(SolutionProperties) = preSolution
		HideSolutionNode = FALSE
	EndGlobalSection
	GlobalSection(NestedProjects) = preSolution
		{287D5DBE-3CA9-4011-B22B-1A01094D5A8C} = {73F57F7C-CBBF-4F79-B7DC-7322D061422B}
		{B236061B-CFCC-46EC-B815-840C0091C65B} = {B50130FC-E3DC-40A5-A05F-C5EF5E4C0A97}
	EndGlobalSection
	GlobalSection(ExtensibilityGlobals) = postSolution
		SolutionGuid = {A36CE2F3-B55D-4718-9D4B-441522ED048F}
	EndGlobalSection
EndGlobal
